
Microsoft Visual Studio Solution File, Format Version 12.00
# Visual Studio Version 17
VisualStudioVersion = 17.9.34607.119
MinimumVisualStudioVersion = 10.0.40219.1
Project("{FAE04EC0-301F-11D3-BF4B-00C04F79EFBC}") = "Blog.Web", "Blog.Web\Blog.Web.csproj", "{0B628187-B6EC-45D5-ADA9-E2794E66CC4D}"
EndProject
Project("{FAE04EC0-301F-11D3-BF4B-00C04F79EFBC}") = "Blog.Entity", "Blog.Entity\Blog.Entity.csproj", "{B46DC93E-28AD-445B-A15D-3B75078D422B}"
EndProject
Project("{FAE04EC0-301F-11D3-BF4B-00C04F79EFBC}") = "Blog.DataAccessLayer", "Blog.DataAccessLayer\Blog.DataAccessLayer.csproj", "{15BA81E5-6D2F-4127-9D0A-1EB662404F18}"
EndProject
Project("{FAE04EC0-301F-11D3-BF4B-00C04F79EFBC}") = "Blog.Services", "Blog.Services\Blog.Services.csproj", "{F55A1319-ADF9-49F4-B62B-79F5D768231A}"
EndProject
Project("{FAE04EC0-301F-11D3-BF4B-00C04F79EFBC}") = "Blog.Core", "Blog.Core\Blog.Core.csproj", "{C9D3A67C-A875-4BC3-955D-FE784126E038}"
EndProject
Global
	GlobalSection(SolutionConfigurationPlatforms) = preSolution
		Debug|Any CPU = Debug|Any CPU
		Release|Any CPU = Release|Any CPU
	EndGlobalSection
	GlobalSection(ProjectConfigurationPlatforms) = postSolution
		{0B628187-B6EC-45D5-ADA9-E2794E66CC4D}.Debug|Any CPU.ActiveCfg = Debug|Any CPU
		{0B628187-B6EC-45D5-ADA9-E2794E66CC4D}.Debug|Any CPU.Build.0 = Debug|Any CPU
		{0B628187-B6EC-45D5-ADA9-E2794E66CC4D}.Release|Any CPU.ActiveCfg = Release|Any CPU
		{0B628187-B6EC-45D5-ADA9-E2794E66CC4D}.Release|Any CPU.Build.0 = Release|Any CPU
		{B46DC93E-28AD-445B-A15D-3B75078D422B}.Debug|Any CPU.ActiveCfg = Debug|Any CPU
		{B46DC93E-28AD-445B-A15D-3B75078D422B}.Debug|Any CPU.Build.0 = Debug|Any CPU
		{B46DC93E-28AD-445B-A15D-3B75078D422B}.Release|Any CPU.ActiveCfg = Release|Any CPU
		{B46DC93E-28AD-445B-A15D-3B75078D422B}.Release|Any CPU.Build.0 = Release|Any CPU
		{15BA81E5-6D2F-4127-9D0A-1EB662404F18}.Debug|Any CPU.ActiveCfg = Debug|Any CPU
		{15BA81E5-6D2F-4127-9D0A-1EB662404F18}.Debug|Any CPU.Build.0 = Debug|Any CPU
		{15BA81E5-6D2F-4127-9D0A-1EB662404F18}.Release|Any CPU.ActiveCfg = Release|Any CPU
		{15BA81E5-6D2F-4127-9D0A-1EB662404F18}.Release|Any CPU.Build.0 = Release|Any CPU
		{F55A1319-ADF9-49F4-B62B-79F5D768231A}.Debug|Any CPU.ActiveCfg = Debug|Any CPU
		{F55A1319-ADF9-49F4-B62B-79F5D768231A}.Debug|Any CPU.Build.0 = Debug|Any CPU
		{F55A1319-ADF9-49F4-B62B-79F5D768231A}.Release|Any CPU.ActiveCfg = Release|Any CPU
		{F55A1319-ADF9-49F4-B62B-79F5D768231A}.Release|Any CPU.Build.0 = Release|Any CPU
		{C9D3A67C-A875-4BC3-955D-FE784126E038}.Debug|Any CPU.ActiveCfg = Debug|Any CPU
		{C9D3A67C-A875-4BC3-955D-FE784126E038}.Debug|Any CPU.Build.0 = Debug|Any CPU
		{C9D3A67C-A875-4BC3-955D-FE784126E038}.Release|Any CPU.ActiveCfg = Release|Any CPU
		{C9D3A67C-A875-4BC3-955D-FE784126E038}.Release|Any CPU.Build.0 = Release|Any CPU
	EndGlobalSection
	GlobalSection(SolutionProperties) = preSolution
		HideSolutionNode = FALSE
	EndGlobalSection
	GlobalSection(ExtensibilityGlobals) = postSolution
		SolutionGuid = {E3DBB496-E285-4891-985F-251DDE1AFE89}
	EndGlobalSection
EndGlobal
